
Microsoft Visual Studio Solution File, Format Version 12.00
Project("{FAE04EC0-301F-11D3-BF4B-00C04F79EFBC}") = "CSharp.SelfSignJwt", "CSharp.SelfSignJwt\CSharp.SelfSignJwt.csproj", "{731D9789-FB8D-42FB-9801-58C700D55C67}"
EndProject
Global
	GlobalSection(SolutionConfigurationPlatforms) = preSolution
		Debug|Any CPU = Debug|Any CPU
		Release|Any CPU = Release|Any CPU
	EndGlobalSection
	GlobalSection(ProjectConfigurationPlatforms) = postSolution
		{731D9789-FB8D-42FB-9801-58C700D55C67}.Debug|Any CPU.ActiveCfg = Debug|Any CPU
		{731D9789-FB8D-42FB-9801-58C700D55C67}.Debug|Any CPU.Build.0 = Debug|Any CPU
		{731D9789-FB8D-42FB-9801-58C700D55C67}.Release|Any CPU.ActiveCfg = Release|Any CPU
		{731D9789-FB8D-42FB-9801-58C700D55C67}.Release|Any CPU.Build.0 = Release|Any CPU
	EndGlobalSection
EndGlobal
